// !$*UTF8*$!
{
	archiveVersion = 1;
	classes = {
	};
	objectVersion = 77;
	objects = {

/* Begin PBXBuildFile section */
		12130BED6EEBB662B58E428B /* SwiftProtobuf in Frameworks */ = {isa = PBXBuildFile; productRef = 8739E517DD53175A60385AB9 /* SwiftProtobuf */; };
		188A763D55CCA3D3B4EDDE1C /* Sparkle in Frameworks */ = {isa = PBXBuildFile; productRef = 3823B0153EB2C5F3A9BD226A /* Sparkle */; };
/* End PBXBuildFile section */

/* Begin PBXContainerItemProxy section */
		82922D6168741BF534E52533 /* PBXContainerItemProxy */ = {
			isa = PBXContainerItemProxy;
			containerPortal = CA64F79FC51BC442E150484D /* Project object */;
			proxyType = 1;
			remoteGlobalIDString = ADBE804CDB9FB5E9C01F0734;
			remoteInfo = Parley;
		};
		F5FE843026149331E3B1C2B9 /* PBXContainerItemProxy */ = {
			isa = PBXContainerItemProxy;
			containerPortal = CA64F79FC51BC442E150484D /* Project object */;
			proxyType = 1;
			remoteGlobalIDString = ADBE804CDB9FB5E9C01F0734;
			remoteInfo = Parley;
		};
/* End PBXContainerItemProxy section */

/* Begin PBXFileReference section */
		2566E61926555FC1B44EDC09 /* Parley.app */ = {isa = PBXFileReference; explicitFileType = wrapper.application; includeInIndex = 0; path = Parley.app; sourceTree = BUILT_PRODUCTS_DIR; };
		705F447DEB72AB8F1B77FE45 /* ParleyUITests.xctest */ = {isa = PBXFileReference; explicitFileType = wrapper.cfbundle; includeInIndex = 0; path = ParleyUITests.xctest; sourceTree = BUILT_PRODUCTS_DIR; };
		B2E626F61AEEEE947B011F9E /* ParleyTests.xctest */ = {isa = PBXFileReference; explicitFileType = wrapper.cfbundle; includeInIndex = 0; path = ParleyTests.xctest; sourceTree = BUILT_PRODUCTS_DIR; };
/* End PBXFileReference section */

/* Begin PBXFileSystemSynchronizedBuildFileExceptionSet section */
		B24780D8ACB07848DC904343 /* PBXFileSystemSynchronizedBuildFileExceptionSet */ = {
			isa = PBXFileSystemSynchronizedBuildFileExceptionSet;
			membershipExceptions = (
				Info.plist,
			);
			target = ADBE804CDB9FB5E9C01F0734 /* Parley */;
		};
/* End PBXFileSystemSynchronizedBuildFileExceptionSet section */

/* Begin PBXFileSystemSynchronizedRootGroup section */
		26273F999C26A48789ADDF1E /* Parley */ = {
			isa = PBXFileSystemSynchronizedRootGroup;
			exceptions = (
				B24780D8ACB07848DC904343 /* PBXFileSystemSynchronizedBuildFileExceptionSet */,
			);
			explicitFileTypes = {
			};
			explicitFolders = (
			);
			path = Parley;
			sourceTree = "<group>";
		};
		7D6CF91B5827AC9D7DD61F17 /* ParleyUITests */ = {
			isa = PBXFileSystemSynchronizedRootGroup;
			explicitFileTypes = {
			};
			explicitFolders = (
			);
			path = ParleyUITests;
			sourceTree = "<group>";
		};
		900F4B750DBD3CDF89D0718C /* ParleyTests */ = {
			isa = PBXFileSystemSynchronizedRootGroup;
			explicitFileTypes = {
			};
			explicitFolders = (
			);
			path = ParleyTests;
			sourceTree = "<group>";
		};
/* End PBXFileSystemSynchronizedRootGroup section */

/* Begin PBXFrameworksBuildPhase section */
		5A6DFF008CFC4FCD2A3448F7 /* Frameworks */ = {
			isa = PBXFrameworksBuildPhase;
			buildActionMask = 2147483647;
			files = (
				12130BED6EEBB662B58E428B /* SwiftProtobuf in Frameworks */,
				188A763D55CCA3D3B4EDDE1C /* Sparkle in Frameworks */,
			);
			runOnlyForDeploymentPostprocessing = 0;
		};
/* End PBXFrameworksBuildPhase section */

/* Begin PBXGroup section */
		29D2794AEE33E5C69458B358 /* Products */ = {
			isa = PBXGroup;
			children = (
				2566E61926555FC1B44EDC09 /* Parley.app */,
				B2E626F61AEEEE947B011F9E /* ParleyTests.xctest */,
				705F447DEB72AB8F1B77FE45 /* ParleyUITests.xctest */,
			);
			name = Products;
			sourceTree = "<group>";
		};
		46F9805D8C75FC01E69061AF = {
			isa = PBXGroup;
			children = (
				26273F999C26A48789ADDF1E /* Parley */,
				900F4B750DBD3CDF89D0718C /* ParleyTests */,
				7D6CF91B5827AC9D7DD61F17 /* ParleyUITests */,
				29D2794AEE33E5C69458B358 /* Products */,
			);
			sourceTree = "<group>";
		};
/* End PBXGroup section */

/* Begin PBXNativeTarget section */
		4811C3CC47263D537528A80F /* ParleyUITests */ = {
			isa = PBXNativeTarget;
			buildConfigurationList = 87A552A99CCF1F6610B6DE67 /* Build configuration list for PBXNativeTarget "ParleyUITests" */;
			buildPhases = (
				2234E005112871B3CEED0776 /* Sources */,
				FA502E478BB355BFA701EC73 /* Resources */,
			);
			buildRules = (
			);
			dependencies = (
				0CF44425D9B5FA33AC1051B1 /* PBXTargetDependency */,
			);
			fileSystemSynchronizedGroups = (
				7D6CF91B5827AC9D7DD61F17 /* ParleyUITests */,
			);
			name = ParleyUITests;
			packageProductDependencies = (
			);
			productName = ParleyUITests;
			productReference = 705F447DEB72AB8F1B77FE45 /* ParleyUITests.xctest */;
			productType = "com.apple.product-type.bundle.ui-testing";
		};
		ADBE804CDB9FB5E9C01F0734 /* Parley */ = {
			isa = PBXNativeTarget;
			buildConfigurationList = CDC9BDE8C0BEC79340455D3E /* Build configuration list for PBXNativeTarget "Parley" */;
			buildPhases = (
				D9976D4D0B47A7BF61D0BDCC /* Sources */,
				BF38B7EB6332F7FECF02C1C8 /* Resources */,
				5A6DFF008CFC4FCD2A3448F7 /* Frameworks */,
			);
			buildRules = (
			);
			dependencies = (
			);
			fileSystemSynchronizedGroups = (
				26273F999C26A48789ADDF1E /* Parley */,
			);
			name = Parley;
			packageProductDependencies = (
				8739E517DD53175A60385AB9 /* SwiftProtobuf */,
				3823B0153EB2C5F3A9BD226A /* Sparkle */,
			);
			productName = Parley;
			productReference = 2566E61926555FC1B44EDC09 /* Parley.app */;
			productType = "com.apple.product-type.application";
		};
		CF294B90CD76A7B0BF7D992E /* ParleyTests */ = {
			isa = PBXNativeTarget;
			buildConfigurationList = 935F76BD09C7551887D7FED6 /* Build configuration list for PBXNativeTarget "ParleyTests" */;
			buildPhases = (
				C578C9B04EBE873FA0F8DCA9 /* Sources */,
				20F4598AF708871C21D9F0D2 /* Resources */,
			);
			buildRules = (
			);
			dependencies = (
				F1675ACB1C1250CBCEF342CE /* PBXTargetDependency */,
			);
			fileSystemSynchronizedGroups = (
				900F4B750DBD3CDF89D0718C /* ParleyTests */,
			);
			name = ParleyTests;
			packageProductDependencies = (
			);
			productName = ParleyTests;
			productReference = B2E626F61AEEEE947B011F9E /* ParleyTests.xctest */;
			productType = "com.apple.product-type.bundle.unit-test";
		};
/* End PBXNativeTarget section */

/* Begin PBXProject section */
		CA64F79FC51BC442E150484D /* Project object */ = {
			isa = PBXProject;
			attributes = {
				BuildIndependentTargetsInParallel = YES;
				LastUpgradeCheck = 2700;
				TargetAttributes = {
					4811C3CC47263D537528A80F = {
						DevelopmentTeam = ECKB9WN282;
						ProvisioningStyle = Manual;
						TestTargetID = ADBE804CDB9FB5E9C01F0734;
					};
					ADBE804CDB9FB5E9C01F0734 = {
						DevelopmentTeam = ECKB9WN282;
						ProvisioningStyle = Automatic;
					};
					CF294B90CD76A7B0BF7D992E = {
						DevelopmentTeam = ECKB9WN282;
						ProvisioningStyle = Manual;
					};
				};
			};
			buildConfigurationList = 3B3EAF6BA49598724963D25D /* Build configuration list for PBXProject "Parley" */;
			developmentRegion = en;
			hasScannedForEncodings = 0;
			knownRegions = (
				Base,
				en,
			);
			mainGroup = 46F9805D8C75FC01E69061AF;
			minimizedProjectReferenceProxies = 1;
			packageReferences = (
				8E60D0930D2DE3950966A434 /* XCRemoteSwiftPackageReference "Sparkle" */,
				3CE98E872CBF588623725F42 /* XCRemoteSwiftPackageReference "swift-protobuf" */,
			);
			preferredProjectObjectVersion = 77;
			productRefGroup = 29D2794AEE33E5C69458B358 /* Products */;
			projectDirPath = "";
			projectRoot = "";
			targets = (
				ADBE804CDB9FB5E9C01F0734 /* Parley */,
				CF294B90CD76A7B0BF7D992E /* ParleyTests */,
				4811C3CC47263D537528A80F /* ParleyUITests */,
			);
		};
/* End PBXProject section */

/* Begin PBXResourcesBuildPhase section */
		20F4598AF708871C21D9F0D2 /* Resources */ = {
			isa = PBXResourcesBuildPhase;
			buildActionMask = 2147483647;
			files = (
			);
			runOnlyForDeploymentPostprocessing = 0;
		};
		BF38B7EB6332F7FECF02C1C8 /* Resources */ = {
			isa = PBXResourcesBuildPhase;
			buildActionMask = 2147483647;
			files = (
			);
			runOnlyForDeploymentPostprocessing = 0;
		};
		FA502E478BB355BFA701EC73 /* Resources */ = {
			isa = PBXResourcesBuildPhase;
			buildActionMask = 2147483647;
			files = (
			);
			runOnlyForDeploymentPostprocessing = 0;
		};
/* End PBXResourcesBuildPhase section */

/* Begin PBXSourcesBuildPhase section */
		2234E005112871B3CEED0776 /* Sources */ = {
			isa = PBXSourcesBuildPhase;
			buildActionMask = 2147483647;
			files = (
			);
			runOnlyForDeploymentPostprocessing = 0;
		};
		C578C9B04EBE873FA0F8DCA9 /* Sources */ = {
			isa = PBXSourcesBuildPhase;
			buildActionMask = 2147483647;
			files = (
			);
			runOnlyForDeploymentPostprocessing = 0;
		};
		D9976D4D0B47A7BF61D0BDCC /* Sources */ = {
			isa = PBXSourcesBuildPhase;
			buildActionMask = 2147483647;
			files = (
			);
			runOnlyForDeploymentPostprocessing = 0;
		};
/* End PBXSourcesBuildPhase section */

/* Begin PBXTargetDependency section */
		0CF44425D9B5FA33AC1051B1 /* PBXTargetDependency */ = {
			isa = PBXTargetDependency;
			target = ADBE804CDB9FB5E9C01F0734 /* Parley */;
			targetProxy = 82922D6168741BF534E52533 /* PBXContainerItemProxy */;
		};
		F1675ACB1C1250CBCEF342CE /* PBXTargetDependency */ = {
			isa = PBXTargetDependency;
			target = ADBE804CDB9FB5E9C01F0734 /* Parley */;
			targetProxy = F5FE843026149331E3B1C2B9 /* PBXContainerItemProxy */;
		};
/* End PBXTargetDependency section */

/* Begin XCBuildConfiguration section */
		23070DEA43A71D6AE905D68D /* Debug */ = {
			isa = XCBuildConfiguration;
			buildSettings = {
				ALWAYS_SEARCH_USER_PATHS = NO;
				CLANG_ANALYZER_NONNULL = YES;
				CLANG_ANALYZER_NUMBER_OBJECT_CONVERSION = YES_AGGRESSIVE;
				CLANG_CXX_LANGUAGE_STANDARD = "gnu++14";
				CLANG_CXX_LIBRARY = "libc++";
				CLANG_ENABLE_MODULES = YES;
				CLANG_ENABLE_OBJC_ARC = YES;
				CLANG_ENABLE_OBJC_WEAK = YES;
				CLANG_WARN_BLOCK_CAPTURE_AUTORELEASING = YES;
				CLANG_WARN_BOOL_CONVERSION = YES;
				CLANG_WARN_COMMA = YES;
				CLANG_WARN_CONSTANT_CONVERSION = YES;
				CLANG_WARN_DEPRECATED_OBJC_IMPLEMENTATIONS = YES;
				CLANG_WARN_DIRECT_OBJC_ISA_USAGE = YES_ERROR;
				CLANG_WARN_DOCUMENTATION_COMMENTS = YES;
				CLANG_WARN_EMPTY_BODY = YES;
				CLANG_WARN_ENUM_CONVERSION = YES;
				CLANG_WARN_INFINITE_RECURSION = YES;
				CLANG_WARN_INT_CONVERSION = YES;
				CLANG_WARN_NON_LITERAL_NULL_CONVERSION = YES;
				CLANG_WARN_OBJC_IMPLICIT_RETAIN_SELF = YES;
				CLANG_WARN_OBJC_LITERAL_CONVERSION = YES;
				CLANG_WARN_OBJC_ROOT_CLASS = YES_ERROR;
				CLANG_WARN_QUOTED_INCLUDE_IN_FRAMEWORK_HEADER = YES;
				CLANG_WARN_RANGE_LOOP_ANALYSIS = YES;
				CLANG_WARN_STRICT_PROTOTYPES = YES;
				CLANG_WARN_SUSPICIOUS_MOVE = YES;
				CLANG_WARN_UNGUARDED_AVAILABILITY = YES_AGGRESSIVE;
				CLANG_WARN_UNREACHABLE_CODE = YES;
				CLANG_WARN__DUPLICATE_METHOD_MATCH = YES;
				CODE_SIGN_IDENTITY = "Apple Development";
				CODE_SIGN_STYLE = Manual;
				COPY_PHASE_STRIP = NO;
				DEAD_CODE_STRIPPING = YES;
				DEBUG_INFORMATION_FORMAT = dwarf;
				DEVELOPMENT_TEAM = ECKB9WN282;
				ENABLE_HARDENED_RUNTIME = YES;
				ENABLE_STRICT_OBJC_MSGSEND = YES;
				ENABLE_TESTABILITY = YES;
				ENABLE_USER_SCRIPT_SANDBOXING = YES;
				GCC_C_LANGUAGE_STANDARD = gnu11;
				GCC_DYNAMIC_NO_PIC = NO;
				GCC_NO_COMMON_BLOCKS = YES;
				GCC_OPTIMIZATION_LEVEL = 0;
				GCC_PREPROCESSOR_DEFINITIONS = (
					"$(inherited)",
					"DEBUG=1",
				);
				GCC_WARN_64_TO_32_BIT_CONVERSION = YES;
				GCC_WARN_ABOUT_RETURN_TYPE = YES_ERROR;
				GCC_WARN_UNDECLARED_SELECTOR = YES;
				GCC_WARN_UNINITIALIZED_AUTOS = YES_AGGRESSIVE;
				GCC_WARN_UNUSED_FUNCTION = YES;
				GCC_WARN_UNUSED_VARIABLE = YES;
				MACOSX_DEPLOYMENT_TARGET = 15.0;
				MTL_ENABLE_DEBUG_INFO = INCLUDE_SOURCE;
				MTL_FAST_MATH = YES;
				ONLY_ACTIVE_ARCH = YES;
				PRODUCT_NAME = "$(TARGET_NAME)";
				SDKROOT = macosx;
				STRING_CATALOG_GENERATE_SYMBOLS = YES;
				SWIFT_ACTIVE_COMPILATION_CONDITIONS = DEBUG;
				SWIFT_OPTIMIZATION_LEVEL = "-Onone";
				SWIFT_VERSION = 6.0;
			};
			name = Debug;
		};
		25A44C6073D136239FA5CBDC /* Debug */ = {
			isa = XCBuildConfiguration;
			buildSettings = {
				BUNDLE_LOADER = "$(TEST_HOST)";
				COMBINE_HIDPI_IMAGES = YES;
				GENERATE_INFOPLIST_FILE = YES;
				LD_RUNPATH_SEARCH_PATHS = (
					"$(inherited)",
					"@executable_path/Frameworks",
					"@loader_path/Frameworks",
				);
				SDKROOT = macosx;
				TEST_TARGET_NAME = Parley;
			};
			name = Debug;
		};
		454F97F35EB5863A8E524DFF /* Release */ = {
			isa = XCBuildConfiguration;
			buildSettings = {
				BUNDLE_LOADER = "$(TEST_HOST)";
				COMBINE_HIDPI_IMAGES = YES;
				GENERATE_INFOPLIST_FILE = YES;
				LD_RUNPATH_SEARCH_PATHS = (
					"$(inherited)",
					"@executable_path/../Frameworks",
					"@loader_path/../Frameworks",
				);
				SDKROOT = macosx;
				TEST_HOST = "$(BUILT_PRODUCTS_DIR)/Parley.app/Contents/MacOS/Parley";
			};
			name = Release;
		};
		9B82BB687A2CBDC13C75B4A3 /* Release */ = {
			isa = XCBuildConfiguration;
			buildSettings = {
				BUNDLE_LOADER = "$(TEST_HOST)";
				COMBINE_HIDPI_IMAGES = YES;
				GENERATE_INFOPLIST_FILE = YES;
				LD_RUNPATH_SEARCH_PATHS = (
					"$(inherited)",
					"@executable_path/Frameworks",
					"@loader_path/Frameworks",
				);
				SDKROOT = macosx;
				TEST_TARGET_NAME = Parley;
			};
			name = Release;
		};
		A6CB5CCFE2B04DC5ACB78BC3 /* Release */ = {
			isa = XCBuildConfiguration;
			buildSettings = {
				ASSETCATALOG_COMPILER_APPICON_NAME = AppIcon;
				CODE_SIGN_ENTITLEMENTS = Parley/Parley.entitlements;
				CODE_SIGN_STYLE = Automatic;
				COMBINE_HIDPI_IMAGES = YES;
				CURRENT_PROJECT_VERSION = 54;
				GENERATE_INFOPLIST_FILE = YES;
				INFOPLIST_FILE = Parley/Info.plist;
				INFOPLIST_KEY_CFBundleDisplayName = Parley;
				INFOPLIST_KEY_LSApplicationCategoryType = "public.app-category.social-networking";
				LD_RUNPATH_SEARCH_PATHS = (
					"$(inherited)",
					"@executable_path/../Frameworks",
				);
				MARKETING_VERSION = 1.5.2;
				PRODUCT_BUNDLE_IDENTIFIER = dev.cuza.Parley;
				SDKROOT = macosx;
			};
			name = Release;
		};
		D0DD93E214E27371F677CE18 /* Debug */ = {
			isa = XCBuildConfiguration;
			buildSettings = {
				BUNDLE_LOADER = "$(TEST_HOST)";
				COMBINE_HIDPI_IMAGES = YES;
				GENERATE_INFOPLIST_FILE = YES;
				LD_RUNPATH_SEARCH_PATHS = (
					"$(inherited)",
					"@executable_path/../Frameworks",
					"@loader_path/../Frameworks",
				);
				SDKROOT = macosx;
				TEST_HOST = "$(BUILT_PRODUCTS_DIR)/Parley.app/Contents/MacOS/Parley";
			};
			name = Debug;
		};
		E85B4DDBD306CC0533FAA641 /* Release */ = {
			isa = XCBuildConfiguration;
			buildSettings = {
				ALWAYS_SEARCH_USER_PATHS = NO;
				CLANG_ANALYZER_NONNULL = YES;
				CLANG_ANALYZER_NUMBER_OBJECT_CONVERSION = YES_AGGRESSIVE;
				CLANG_CXX_LANGUAGE_STANDARD = "gnu++14";
				CLANG_CXX_LIBRARY = "libc++";
				CLANG_ENABLE_MODULES = YES;
				CLANG_ENABLE_OBJC_ARC = YES;
				CLANG_ENABLE_OBJC_WEAK = YES;
				CLANG_WARN_BLOCK_CAPTURE_AUTORELEASING = YES;
				CLANG_WARN_BOOL_CONVERSION = YES;
				CLANG_WARN_COMMA = YES;
				CLANG_WARN_CONSTANT_CONVERSION = YES;
				CLANG_WARN_DEPRECATED_OBJC_IMPLEMENTATIONS = YES;
				CLANG_WARN_DIRECT_OBJC_ISA_USAGE = YES_ERROR;
				CLANG_WARN_DOCUMENTATION_COMMENTS = YES;
				CLANG_WARN_EMPTY_BODY = YES;
				CLANG_WARN_ENUM_CONVERSION = YES;
				CLANG_WARN_INFINITE_RECURSION = YES;
				CLANG_WARN_INT_CONVERSION = YES;
				CLANG_WARN_NON_LITERAL_NULL_CONVERSION = YES;
				CLANG_WARN_OBJC_IMPLICIT_RETAIN_SELF = YES;
				CLANG_WARN_OBJC_LITERAL_CONVERSION = YES;
				CLANG_WARN_OBJC_ROOT_CLASS = YES_ERROR;
				CLANG_WARN_QUOTED_INCLUDE_IN_FRAMEWORK_HEADER = YES;
				CLANG_WARN_RANGE_LOOP_ANALYSIS = YES;
				CLANG_WARN_STRICT_PROTOTYPES = YES;
				CLANG_WARN_SUSPICIOUS_MOVE = YES;
				CLANG_WARN_UNGUARDED_AVAILABILITY = YES_AGGRESSIVE;
				CLANG_WARN_UNREACHABLE_CODE = YES;
				CLANG_WARN__DUPLICATE_METHOD_MATCH = YES;
				CODE_SIGN_IDENTITY = "Apple Development";
				CODE_SIGN_STYLE = Manual;
				COPY_PHASE_STRIP = NO;
				DEAD_CODE_STRIPPING = YES;
				DEBUG_INFORMATION_FORMAT = "dwarf-with-dsym";
				DEVELOPMENT_TEAM = ECKB9WN282;
				ENABLE_HARDENED_RUNTIME = YES;
				ENABLE_NS_ASSERTIONS = NO;
				ENABLE_STRICT_OBJC_MSGSEND = YES;
				ENABLE_USER_SCRIPT_SANDBOXING = YES;
				GCC_C_LANGUAGE_STANDARD = gnu11;
				GCC_NO_COMMON_BLOCKS = YES;
				GCC_WARN_64_TO_32_BIT_CONVERSION = YES;
				GCC_WARN_ABOUT_RETURN_TYPE = YES_ERROR;
				GCC_WARN_UNDECLARED_SELECTOR = YES;
				GCC_WARN_UNINITIALIZED_AUTOS = YES_AGGRESSIVE;
				GCC_WARN_UNUSED_FUNCTION = YES;
				GCC_WARN_UNUSED_VARIABLE = YES;
				MACOSX_DEPLOYMENT_TARGET = 15.0;
				MTL_ENABLE_DEBUG_INFO = NO;
				MTL_FAST_MATH = YES;
				PRODUCT_NAME = "$(TARGET_NAME)";
				SDKROOT = macosx;
				STRING_CATALOG_GENERATE_SYMBOLS = YES;
				SWIFT_COMPILATION_MODE = wholemodule;
				SWIFT_OPTIMIZATION_LEVEL = "-O";
				SWIFT_VERSION = 6.0;
			};
			name = Release;
		};
		FA34640DAAB69E715CDD4845 /* Debug */ = {
			isa = XCBuildConfiguration;
			buildSettings = {
				ASSETCATALOG_COMPILER_APPICON_NAME = AppIcon;
				CODE_SIGN_ENTITLEMENTS = Parley/Parley.entitlements;
				CODE_SIGN_STYLE = Automatic;
				COMBINE_HIDPI_IMAGES = YES;
				CURRENT_PROJECT_VERSION = 54;
				GENERATE_INFOPLIST_FILE = YES;
				INFOPLIST_FILE = Parley/Info.plist;
				INFOPLIST_KEY_CFBundleDisplayName = Parley;
				INFOPLIST_KEY_LSApplicationCategoryType = "public.app-category.social-networking";
				LD_RUNPATH_SEARCH_PATHS = (
					"$(inherited)",
					"@executable_path/../Frameworks",
				);
				MARKETING_VERSION = 1.5.2;
				PRODUCT_BUNDLE_IDENTIFIER = dev.cuza.Parley;
				SDKROOT = macosx;
			};
			name = Debug;
		};
/* End XCBuildConfiguration section */

/* Begin XCConfigurationList section */
		3B3EAF6BA49598724963D25D /* Build configuration list for PBXProject "Parley" */ = {
			isa = XCConfigurationList;
			buildConfigurations = (
				23070DEA43A71D6AE905D68D /* Debug */,
				E85B4DDBD306CC0533FAA641 /* Release */,
			);
			defaultConfigurationIsVisible = 0;
			defaultConfigurationName = Debug;
		};
		87A552A99CCF1F6610B6DE67 /* Build configuration list for PBXNativeTarget "ParleyUITests" */ = {
			isa = XCConfigurationList;
			buildConfigurations = (
				25A44C6073D136239FA5CBDC /* Debug */,
				9B82BB687A2CBDC13C75B4A3 /* Release */,
			);
			defaultConfigurationIsVisible = 0;
			defaultConfigurationName = Debug;
		};
		935F76BD09C7551887D7FED6 /* Build configuration list for PBXNativeTarget "ParleyTests" */ = {
			isa = XCConfigurationList;
			buildConfigurations = (
				D0DD93E214E27371F677CE18 /* Debug */,
				454F97F35EB5863A8E524DFF /* Release */,
			);
			defaultConfigurationIsVisible = 0;
			defaultConfigurationName = Debug;
		};
		CDC9BDE8C0BEC79340455D3E /* Build configuration list for PBXNativeTarget "Parley" */ = {
			isa = XCConfigurationList;
			buildConfigurations = (
				FA34640DAAB69E715CDD4845 /* Debug */,
				A6CB5CCFE2B04DC5ACB78BC3 /* Release */,
			);
			defaultConfigurationIsVisible = 0;
			defaultConfigurationName = Debug;
		};
/* End XCConfigurationList section */

/* Begin XCRemoteSwiftPackageReference section */
		3CE98E872CBF588623725F42 /* XCRemoteSwiftPackageReference "swift-protobuf" */ = {
			isa = XCRemoteSwiftPackageReference;
			repositoryURL = "https://github.com/apple/swift-protobuf";
			requirement = {
				kind = exactVersion;
				version = 1.38.1;
			};
		};
		8E60D0930D2DE3950966A434 /* XCRemoteSwiftPackageReference "Sparkle" */ = {
			isa = XCRemoteSwiftPackageReference;
			repositoryURL = "https://github.com/sparkle-project/Sparkle";
			requirement = {
				kind = exactVersion;
				version = 2.10.0;
			};
		};
/* End XCRemoteSwiftPackageReference section */

/* Begin XCSwiftPackageProductDependency section */
		3823B0153EB2C5F3A9BD226A /* Sparkle */ = {
			isa = XCSwiftPackageProductDependency;
			package = 8E60D0930D2DE3950966A434 /* XCRemoteSwiftPackageReference "Sparkle" */;
			productName = Sparkle;
		};
		8739E517DD53175A60385AB9 /* SwiftProtobuf */ = {
			isa = XCSwiftPackageProductDependency;
			package = 3CE98E872CBF588623725F42 /* XCRemoteSwiftPackageReference "swift-protobuf" */;
			productName = SwiftProtobuf;
		};
/* End XCSwiftPackageProductDependency section */
	};
	rootObject = CA64F79FC51BC442E150484D /* Project object */;
}
